
Microsoft Visual Studio Solution File, Format Version 12.00
# Visual Studio Version 16
VisualStudioVersion = 16.0.29215.179
MinimumVisualStudioVersion = 10.0.40219.1
Project("{FAE04EC0-301F-11D3-BF4B-00C04F79EFBC}") = "TiposDePaginas.UWP", "TiposDePaginas\TiposDePaginas.UWP\TiposDePaginas.UWP.csproj", "{09D3029F-D51F-470A-A7D3-DE99863A1D41}"
EndProject
Project("{FAE04EC0-301F-11D3-BF4B-00C04F79EFBC}") = "TiposDePaginas.Android", "TiposDePaginas\TiposDePaginas.Android\TiposDePaginas.Android.csproj", "{C9C41B8E-4214-46AA-B21F-F13C6BC2D5E1}"
EndProject
Project("{FAE04EC0-301F-11D3-BF4B-00C04F79EFBC}") = "TiposDePaginas.iOS", "TiposDePaginas\TiposDePaginas.iOS\TiposDePaginas.iOS.csproj", "{2ECC1059-D2F5-43FC-8EEF-8F69ABB35113}"
EndProject
Project("{FAE04EC0-301F-11D3-BF4B-00C04F79EFBC}") = "TiposDePaginas", "TiposDePaginas\TiposDePaginas\TiposDePaginas.csproj", "{2DF6F45A-5997-43E7-ADA5-954C73D7499A}"
EndProject
Global
	GlobalSection(SolutionConfigurationPlatforms) = preSolution
		Debug|Any CPU = Debug|Any CPU
		Debug|ARM = Debug|ARM
		Debug|iPhone = Debug|iPhone
		Debug|iPhoneSimulator = Debug|iPhoneSimulator
		Debug|x64 = Debug|x64
		Debug|x86 = Debug|x86
		Release|Any CPU = Release|Any CPU
		Release|ARM = Release|ARM
		Release|iPhone = Release|iPhone
		Release|iPhoneSimulator = Release|iPhoneSimulator
		Release|x64 = Release|x64
		Release|x86 = Release|x86
	EndGlobalSection
	GlobalSection(ProjectConfigurationPlatforms) = postSolution
		{09D3029F-D51F-470A-A7D3-DE99863A1D41}.Debug|Any CPU.ActiveCfg = Debug|x86
		{09D3029F-D51F-470A-A7D3-DE99863A1D41}.Debug|Any CPU.Build.0 = Debug|x86
		{09D3029F-D51F-470A-A7D3-DE99863A1D41}.Debug|Any CPU.Deploy.0 = Debug|x86
		{09D3029F-D51F-470A-A7D3-DE99863A1D41}.Debug|ARM.ActiveCfg = Debug|ARM
		{09D3029F-D51F-470A-A7D3-DE99863A1D41}.Debug|ARM.Build.0 = Debug|ARM
		{09D3029F-D51F-470A-A7D3-DE99863A1D41}.Debug|ARM.Deploy.0 = Debug|ARM
		{09D3029F-D51F-470A-A7D3-DE99863A1D41}.Debug|iPhone.ActiveCfg = Debug|x86
		{09D3029F-D51F-470A-A7D3-DE99863A1D41}.Debug|iPhone.Build.0 = Debug|x86
		{09D3029F-D51F-470A-A7D3-DE99863A1D41}.Debug|iPhone.Deploy.0 = Debug|x86
		{09D3029F-D51F-470A-A7D3-DE99863A1D41}.Debug|iPhoneSimulator.ActiveCfg = Debug|x86
		{09D3029F-D51F-470A-A7D3-DE99863A1D41}.Debug|iPhoneSimulator.Build.0 = Debug|x86
		{09D3029F-D51F-470A-A7D3-DE99863A1D41}.Debug|iPhoneSimulator.Deploy.0 = Debug|x86
		{09D3029F-D51F-470A-A7D3-DE99863A1D41}.Debug|x64.ActiveCfg = Debug|x64
		{09D3029F-D51F-470A-A7D3-DE99863A1D41}.Debug|x64.Build.0 = Debug|x64
		{09D3029F-D51F-470A-A7D3-DE99863A1D41}.Debug|x64.Deploy.0 = Debug|x64
		{09D3029F-D51F-470A-A7D3-DE99863A1D41}.Debug|x86.ActiveCfg = Debug|x86
		{09D3029F-D51F-470A-A7D3-DE99863A1D41}.Debug|x86.Build.0 = Debug|x86
		{09D3029F-D51F-470A-A7D3-DE99863A1D41}.Debug|x86.Deploy.0 = Debug|x86
		{09D3029F-D51F-470A-A7D3-DE99863A1D41}.Release|Any CPU.ActiveCfg = Release|x86
		{09D3029F-D51F-470A-A7D3-DE99863A1D41}.Release|Any CPU.Build.0 = Release|x86
		{09D3029F-D51F-470A-A7D3-DE99863A1D41}.Release|Any CPU.Deploy.0 = Release|x86
		{09D3029F-D51F-470A-A7D3-DE99863A1D41}.Release|ARM.ActiveCfg = Release|ARM
		{09D3029F-D51F-470A-A7D3-DE99863A1D41}.Release|ARM.Build.0 = Release|ARM
		{09D3029F-D51F-470A-A7D3-DE99863A1D41}.Release|ARM.Deploy.0 = Release|ARM
		{09D3029F-D51F-470A-A7D3-DE99863A1D41}.Release|iPhone.ActiveCfg = Release|x86
		{09D3029F-D51F-470A-A7D3-DE99863A1D41}.Release|iPhone.Build.0 = Release|x86
		{09D3029F-D51F-470A-A7D3-DE99863A1D41}.Release|iPhone.Deploy.0 = Release|x86
		{09D3029F-D51F-470A-A7D3-DE99863A1D41}.Release|iPhoneSimulator.ActiveCfg = Release|x86
		{09D3029F-D51F-470A-A7D3-DE99863A1D41}.Release|iPhoneSimulator.Build.0 = Release|x86
		{09D3029F-D51F-470A-A7D3-DE99863A1D41}.Release|iPhoneSimulator.Deploy.0 = Release|x86
		{09D3029F-D51F-470A-A7D3-DE99863A1D41}.Release|x64.ActiveCfg = Release|x64
		{09D3029F-D51F-470A-A7D3-DE99863A1D41}.Release|x64.Build.0 = Release|x64
		{09D3029F-D51F-470A-A7D3-DE99863A1D41}.Release|x64.Deploy.0 = Release|x64
		{09D3029F-D51F-470A-A7D3-DE99863A1D41}.Release|x86.ActiveCfg = Release|x86
		{09D3029F-D51F-470A-A7D3-DE99863A1D41}.Release|x86.Build.0 = Release|x86
		{09D3029F-D51F-470A-A7D3-DE99863A1D41}.Release|x86.Deploy.0 = Release|x86
		{C9C41B8E-4214-46AA-B21F-F13C6BC2D5E1}.Debug|Any CPU.ActiveCfg = Debug|Any CPU
		{C9C41B8E-4214-46AA-B21F-F13C6BC2D5E1}.Debug|Any CPU.Build.0 = Debug|Any CPU
		{C9C41B8E-4214-46AA-B21F-F13C6BC2D5E1}.Debug|Any CPU.Deploy.0 = Debug|Any CPU
		{C9C41B8E-4214-46AA-B21F-F13C6BC2D5E1}.Debug|ARM.ActiveCfg = Debug|Any CPU
		{C9C41B8E-4214-46AA-B21F-F13C6BC2D5E1}.Debug|ARM.Build.0 = Debug|Any CPU
		{C9C41B8E-4214-46AA-B21F-F13C6BC2D5E1}.Debug|ARM.Deploy.0 = Debug|Any CPU
		{C9C41B8E-4214-46AA-B21F-F13C6BC2D5E1}.Debug|iPhone.ActiveCfg = Debug|Any CPU
		{C9C41B8E-4214-46AA-B21F-F13C6BC2D5E1}.Debug|iPhone.Build.0 = Debug|Any CPU
		{C9C41B8E-4214-46AA-B21F-F13C6BC2D5E1}.Debug|iPhone.Deploy.0 = Debug|Any CPU
		{C9C41B8E-4214-46AA-B21F-F13C6BC2D5E1}.Debug|iPhoneSimulator.ActiveCfg = Debug|Any CPU
		{C9C41B8E-4214-46AA-B21F-F13C6BC2D5E1}.Debug|iPhoneSimulator.Build.0 = Debug|Any CPU
		{C9C41B8E-4214-46AA-B21F-F13C6BC2D5E1}.Debug|iPhoneSimulator.Deploy.0 = Debug|Any CPU
		{C9C41B8E-4214-46AA-B21F-F13C6BC2D5E1}.Debug|x64.ActiveCfg = Debug|Any CPU
		{C9C41B8E-4214-46AA-B21F-F13C6BC2D5E1}.Debug|x64.Build.0 = Debug|Any CPU
		{C9C41B8E-4214-46AA-B21F-F13C6BC2D5E1}.Debug|x64.Deploy.0 = Debug|Any CPU
		{C9C41B8E-4214-46AA-B21F-F13C6BC2D5E1}.Debug|x86.ActiveCfg = Debug|Any CPU
		{C9C41B8E-4214-46AA-B21F-F13C6BC2D5E1}.Debug|x86.Build.0 = Debug|Any CPU
		{C9C41B8E-4214-46AA-B21F-F13C6BC2D5E1}.Debug|x86.Deploy.0 = Debug|Any CPU
		{C9C41B8E-4214-46AA-B21F-F13C6BC2D5E1}.Release|Any CPU.ActiveCfg = Release|Any CPU
		{C9C41B8E-4214-46AA-B21F-F13C6BC2D5E1}.Release|Any CPU.Build.0 = Release|Any CPU
		{C9C41B8E-4214-46AA-B21F-F13C6BC2D5E1}.Release|Any CPU.Deploy.0 = Release|Any CPU
		{C9C41B8E-4214-46AA-B21F-F13C6BC2D5E1}.Release|ARM.ActiveCfg = Release|Any CPU
		{C9C41B8E-4214-46AA-B21F-F13C6BC2D5E1}.Release|ARM.Build.0 = Release|Any CPU
		{C9C41B8E-4214-46AA-B21F-F13C6BC2D5E1}.Release|ARM.Deploy.0 = Release|Any CPU
		{C9C41B8E-4214-46AA-B21F-F13C6BC2D5E1}.Release|iPhone.ActiveCfg = Release|Any CPU
		{C9C41B8E-4214-46AA-B21F-F13C6BC2D5E1}.Release|iPhone.Build.0 = Release|Any CPU
		{C9C41B8E-4214-46AA-B21F-F13C6BC2D5E1}.Release|iPhone.Deploy.0 = Release|Any CPU
		{C9C41B8E-4214-46AA-B21F-F13C6BC2D5E1}.Release|iPhoneSimulator.ActiveCfg = Release|Any CPU
		{C9C41B8E-4214-46AA-B21F-F13C6BC2D5E1}.Release|iPhoneSimulator.Build.0 = Release|Any CPU
		{C9C41B8E-4214-46AA-B21F-F13C6BC2D5E1}.Release|iPhoneSimulator.Deploy.0 = Release|Any CPU
		{C9C41B8E-4214-46AA-B21F-F13C6BC2D5E1}.Release|x64.ActiveCfg = Release|Any CPU
		{C9C41B8E-4214-46AA-B21F-F13C6BC2D5E1}.Release|x64.Build.0 = Release|Any CPU
		{C9C41B8E-4214-46AA-B21F-F13C6BC2D5E1}.Release|x64.Deploy.0 = Release|Any CPU
		{C9C41B8E-4214-46AA-B21F-F13C6BC2D5E1}.Release|x86.ActiveCfg = Release|Any CPU
		{C9C41B8E-4214-46AA-B21F-F13C6BC2D5E1}.Release|x86.Build.0 = Release|Any CPU
		{C9C41B8E-4214-46AA-B21F-F13C6BC2D5E1}.Release|x86.Deploy.0 = Release|Any CPU
		{2ECC1059-D2F5-43FC-8EEF-8F69ABB35113}.Debug|Any CPU.ActiveCfg = Debug|iPhone
		{2ECC1059-D2F5-43FC-8EEF-8F69ABB35113}.Debug|Any CPU.Build.0 = Debug|iPhone
		{2ECC1059-D2F5-43FC-8EEF-8F69ABB35113}.Debug|Any CPU.Deploy.0 = Debug|iPhone
		{2ECC1059-D2F5-43FC-8EEF-8F69ABB35113}.Debug|ARM.ActiveCfg = Debug|iPhoneSimulator
		{2ECC1059-D2F5-43FC-8EEF-8F69ABB35113}.Debug|ARM.Build.0 = Debug|iPhoneSimulator
		{2ECC1059-D2F5-43FC-8EEF-8F69ABB35113}.Debug|ARM.Deploy.0 = Debug|iPhoneSimulator
		{2ECC1059-D2F5-43FC-8EEF-8F69ABB35113}.Debug|iPhone.ActiveCfg = Debug|iPhone
		{2ECC1059-D2F5-43FC-8EEF-8F69ABB35113}.Debug|iPhone.Build.0 = Debug|iPhone
		{2ECC1059-D2F5-43FC-8EEF-8F69ABB35113}.Debug|iPhone.Deploy.0 = Debug|iPhone
		{2ECC1059-D2F5-43FC-8EEF-8F69ABB35113}.Debug|iPhoneSimulator.ActiveCfg = Debug|iPhoneSimulator
		{2ECC1059-D2F5-43FC-8EEF-8F69ABB35113}.Debug|iPhoneSimulator.Build.0 = Debug|iPhoneSimulator
		{2ECC1059-D2F5-43FC-8EEF-8F69ABB35113}.Debug|iPhoneSimulator.Deploy.0 = Debug|iPhoneSimulator
		{2ECC1059-D2F5-43FC-8EEF-8F69ABB35113}.Debug|x64.ActiveCfg = Debug|iPhone
		{2ECC1059-D2F5-43FC-8EEF-8F69ABB35113}.Debug|x64.Build.0 = Debug|iPhone
		{2ECC1059-D2F5-43FC-8EEF-8F69ABB35113}.Debug|x64.Deploy.0 = Debug|iPhone
		{2ECC1059-D2F5-43FC-8EEF-8F69ABB35113}.Debug|x86.ActiveCfg = Debug|iPhone
		{2ECC1059-D2F5-43FC-8EEF-8F69ABB35113}.Debug|x86.Build.0 = Debug|iPhone
		{2ECC1059-D2F5-43FC-8EEF-8F69ABB35113}.Debug|x86.Deploy.0 = Debug|iPhone
		{2ECC1059-D2F5-43FC-8EEF-8F69ABB35113}.Release|Any CPU.ActiveCfg = Release|iPhone
		{2ECC1059-D2F5-43FC-8EEF-8F69ABB35113}.Release|Any CPU.Build.0 = Release|iPhone
		{2ECC1059-D2F5-43FC-8EEF-8F69ABB35113}.Release|Any CPU.Deploy.0 = Release|iPhone
		{2ECC1059-D2F5-43FC-8EEF-8F69ABB35113}.Release|ARM.ActiveCfg = Release|iPhone
		{2ECC1059-D2F5-43FC-8EEF-8F69ABB35113}.Release|ARM.Build.0 = Release|iPhone
		{2ECC1059-D2F5-43FC-8EEF-8F69ABB35113}.Release|ARM.Deploy.0 = Release|iPhone
		{2ECC1059-D2F5-43FC-8EEF-8F69ABB35113}.Release|iPhone.ActiveCfg = Release|iPhone
		{2ECC1059-D2F5-43FC-8EEF-8F69ABB35113}.Release|iPhone.Build.0 = Release|iPhone
		{2ECC1059-D2F5-43FC-8EEF-8F69ABB35113}.Release|iPhone.Deploy.0 = Release|iPhone
		{2ECC1059-D2F5-43FC-8EEF-8F69ABB35113}.Release|iPhoneSimulator.ActiveCfg = Release|iPhoneSimulator
		{2ECC1059-D2F5-43FC-8EEF-8F69ABB35113}.Release|iPhoneSimulator.Build.0 = Release|iPhoneSimulator
		{2ECC1059-D2F5-43FC-8EEF-8F69ABB35113}.Release|iPhoneSimulator.Deploy.0 = Release|iPhoneSimulator
		{2ECC1059-D2F5-43FC-8EEF-8F69ABB35113}.Release|x64.ActiveCfg = Release|iPhone
		{2ECC1059-D2F5-43FC-8EEF-8F69ABB35113}.Release|x64.Build.0 = Release|iPhone
		{2ECC1059-D2F5-43FC-8EEF-8F69ABB35113}.Release|x64.Deploy.0 = Release|iPhone
		{2ECC1059-D2F5-43FC-8EEF-8F69ABB35113}.Release|x86.ActiveCfg = Release|iPhone
		{2ECC1059-D2F5-43FC-8EEF-8F69ABB35113}.Release|x86.Build.0 = Release|iPhone
		{2ECC1059-D2F5-43FC-8EEF-8F69ABB35113}.Release|x86.Deploy.0 = Release|iPhone
		{2DF6F45A-5997-43E7-ADA5-954C73D7499A}.Debug|Any CPU.ActiveCfg = Debug|Any CPU
		{2DF6F45A-5997-43E7-ADA5-954C73D7499A}.Debug|Any CPU.Build.0 = Debug|Any CPU
		{2DF6F45A-5997-43E7-ADA5-954C73D7499A}.Debug|Any CPU.Deploy.0 = Debug|Any CPU
		{2DF6F45A-5997-43E7-ADA5-954C73D7499A}.Debug|ARM.ActiveCfg = Debug|Any CPU
		{2DF6F45A-5997-43E7-ADA5-954C73D7499A}.Debug|ARM.Build.0 = Debug|Any CPU
		{2DF6F45A-5997-43E7-ADA5-954C73D7499A}.Debug|ARM.Deploy.0 = Debug|Any CPU
		{2DF6F45A-5997-43E7-ADA5-954C73D7499A}.Debug|iPhone.ActiveCfg = Debug|Any CPU
		{2DF6F45A-5997-43E7-ADA5-954C73D7499A}.Debug|iPhone.Build.0 = Debug|Any CPU
		{2DF6F45A-5997-43E7-ADA5-954C73D7499A}.Debug|iPhone.Deploy.0 = Debug|Any CPU
		{2DF6F45A-5997-43E7-ADA5-954C73D7499A}.Debug|iPhoneSimulator.ActiveCfg = Debug|Any CPU
		{2DF6F45A-5997-43E7-ADA5-954C73D7499A}.Debug|iPhoneSimulator.Build.0 = Debug|Any CPU
		{2DF6F45A-5997-43E7-ADA5-954C73D7499A}.Debug|iPhoneSimulator.Deploy.0 = Debug|Any CPU
		{2DF6F45A-5997-43E7-ADA5-954C73D7499A}.Debug|x64.ActiveCfg = Debug|Any CPU
		{2DF6F45A-5997-43E7-ADA5-954C73D7499A}.Debug|x64.Build.0 = Debug|Any CPU
		{2DF6F45A-5997-43E7-ADA5-954C73D7499A}.Debug|x64.Deploy.0 = Debug|Any CPU
		{2DF6F45A-5997-43E7-ADA5-954C73D7499A}.Debug|x86.ActiveCfg = Debug|Any CPU
		{2DF6F45A-5997-43E7-ADA5-954C73D7499A}.Debug|x86.Build.0 = Debug|Any CPU
		{2DF6F45A-5997-43E7-ADA5-954C73D7499A}.Debug|x86.Deploy.0 = Debug|Any CPU
		{2DF6F45A-5997-43E7-ADA5-954C73D7499A}.Release|Any CPU.ActiveCfg = Release|Any CPU
		{2DF6F45A-5997-43E7-ADA5-954C73D7499A}.Release|Any CPU.Build.0 = Release|Any CPU
		{2DF6F45A-5997-43E7-ADA5-954C73D7499A}.Release|Any CPU.Deploy.0 = Release|Any CPU
		{2DF6F45A-5997-43E7-ADA5-954C73D7499A}.Release|ARM.ActiveCfg = Release|Any CPU
		{2DF6F45A-5997-43E7-ADA5-954C73D7499A}.Release|ARM.Build.0 = Release|Any CPU
		{2DF6F45A-5997-43E7-ADA5-954C73D7499A}.Release|ARM.Deploy.0 = Release|Any CPU
		{2DF6F45A-5997-43E7-ADA5-954C73D7499A}.Release|iPhone.ActiveCfg = Release|Any CPU
		{2DF6F45A-5997-43E7-ADA5-954C73D7499A}.Release|iPhone.Build.0 = Release|Any CPU
		{2DF6F45A-5997-43E7-ADA5-954C73D7499A}.Release|iPhone.Deploy.0 = Release|Any CPU
		{2DF6F45A-5997-43E7-ADA5-954C73D7499A}.Release|iPhoneSimulator.ActiveCfg = Release|Any CPU
		{2DF6F45A-5997-43E7-ADA5-954C73D7499A}.Release|iPhoneSimulator.Build.0 = Release|Any CPU
		{2DF6F45A-5997-43E7-ADA5-954C73D7499A}.Release|iPhoneSimulator.Deploy.0 = Release|Any CPU
		{2DF6F45A-5997-43E7-ADA5-954C73D7499A}.Release|x64.ActiveCfg = Release|Any CPU
		{2DF6F45A-5997-43E7-ADA5-954C73D7499A}.Release|x64.Build.0 = Release|Any CPU
		{2DF6F45A-5997-43E7-ADA5-954C73D7499A}.Release|x64.Deploy.0 = Release|Any CPU
		{2DF6F45A-5997-43E7-ADA5-954C73D7499A}.Release|x86.ActiveCfg = Release|Any CPU
		{2DF6F45A-5997-43E7-ADA5-954C73D7499A}.Release|x86.Build.0 = Release|Any CPU
		{2DF6F45A-5997-43E7-ADA5-954C73D7499A}.Release|x86.Deploy.0 = Release|Any CPU
	EndGlobalSection
	GlobalSection(SolutionProperties) = preSolution
		HideSolutionNode = FALSE
	EndGlobalSection
	GlobalSection(ExtensibilityGlobals) = postSolution
		SolutionGuid = {F194356C-3DF3-4108-B534-C4737040FCE1}
	EndGlobalSection
EndGlobal
