
Microsoft Visual Studio Solution File, Format Version 12.00
# Visual Studio Version 16
VisualStudioVersion = 16.0.29215.179
MinimumVisualStudioVersion = 10.0.40219.1
Project("{FAE04EC0-301F-11D3-BF4B-00C04F79EFBC}") = "TiposDePaginaPratica.UWP", "TiposDePaginaPratica\TiposDePaginaPratica.UWP\TiposDePaginaPratica.UWP.csproj", "{050C6C1A-0558-4258-A32B-C914663F9898}"
EndProject
Project("{FAE04EC0-301F-11D3-BF4B-00C04F79EFBC}") = "TiposDePaginaPratica.Android", "TiposDePaginaPratica\TiposDePaginaPratica.Android\TiposDePaginaPratica.Android.csproj", "{94234CB4-3305-4434-A0E7-535CF23FE611}"
EndProject
Project("{FAE04EC0-301F-11D3-BF4B-00C04F79EFBC}") = "TiposDePaginaPratica.iOS", "TiposDePaginaPratica\TiposDePaginaPratica.iOS\TiposDePaginaPratica.iOS.csproj", "{B9C3845A-4746-4B73-B750-83969BFB2D46}"
EndProject
Project("{FAE04EC0-301F-11D3-BF4B-00C04F79EFBC}") = "TiposDePaginaPratica", "TiposDePaginaPratica\TiposDePaginaPratica\TiposDePaginaPratica.csproj", "{C23F4901-A33D-45EE-BA5F-9E2ABC080C07}"
EndProject
Global
	GlobalSection(SolutionConfigurationPlatforms) = preSolution
		Debug|Any CPU = Debug|Any CPU
		Debug|ARM = Debug|ARM
		Debug|iPhone = Debug|iPhone
		Debug|iPhoneSimulator = Debug|iPhoneSimulator
		Debug|x64 = Debug|x64
		Debug|x86 = Debug|x86
		Release|Any CPU = Release|Any CPU
		Release|ARM = Release|ARM
		Release|iPhone = Release|iPhone
		Release|iPhoneSimulator = Release|iPhoneSimulator
		Release|x64 = Release|x64
		Release|x86 = Release|x86
	EndGlobalSection
	GlobalSection(ProjectConfigurationPlatforms) = postSolution
		{050C6C1A-0558-4258-A32B-C914663F9898}.Debug|Any CPU.ActiveCfg = Debug|x86
		{050C6C1A-0558-4258-A32B-C914663F9898}.Debug|Any CPU.Build.0 = Debug|x86
		{050C6C1A-0558-4258-A32B-C914663F9898}.Debug|Any CPU.Deploy.0 = Debug|x86
		{050C6C1A-0558-4258-A32B-C914663F9898}.Debug|ARM.ActiveCfg = Debug|ARM
		{050C6C1A-0558-4258-A32B-C914663F9898}.Debug|ARM.Build.0 = Debug|ARM
		{050C6C1A-0558-4258-A32B-C914663F9898}.Debug|ARM.Deploy.0 = Debug|ARM
		{050C6C1A-0558-4258-A32B-C914663F9898}.Debug|iPhone.ActiveCfg = Debug|x86
		{050C6C1A-0558-4258-A32B-C914663F9898}.Debug|iPhone.Build.0 = Debug|x86
		{050C6C1A-0558-4258-A32B-C914663F9898}.Debug|iPhone.Deploy.0 = Debug|x86
		{050C6C1A-0558-4258-A32B-C914663F9898}.Debug|iPhoneSimulator.ActiveCfg = Debug|x86
		{050C6C1A-0558-4258-A32B-C914663F9898}.Debug|iPhoneSimulator.Build.0 = Debug|x86
		{050C6C1A-0558-4258-A32B-C914663F9898}.Debug|iPhoneSimulator.Deploy.0 = Debug|x86
		{050C6C1A-0558-4258-A32B-C914663F9898}.Debug|x64.ActiveCfg = Debug|x64
		{050C6C1A-0558-4258-A32B-C914663F9898}.Debug|x64.Build.0 = Debug|x64
		{050C6C1A-0558-4258-A32B-C914663F9898}.Debug|x64.Deploy.0 = Debug|x64
		{050C6C1A-0558-4258-A32B-C914663F9898}.Debug|x86.ActiveCfg = Debug|x86
		{050C6C1A-0558-4258-A32B-C914663F9898}.Debug|x86.Build.0 = Debug|x86
		{050C6C1A-0558-4258-A32B-C914663F9898}.Debug|x86.Deploy.0 = Debug|x86
		{050C6C1A-0558-4258-A32B-C914663F9898}.Release|Any CPU.ActiveCfg = Release|x86
		{050C6C1A-0558-4258-A32B-C914663F9898}.Release|Any CPU.Build.0 = Release|x86
		{050C6C1A-0558-4258-A32B-C914663F9898}.Release|Any CPU.Deploy.0 = Release|x86
		{050C6C1A-0558-4258-A32B-C914663F9898}.Release|ARM.ActiveCfg = Release|ARM
		{050C6C1A-0558-4258-A32B-C914663F9898}.Release|ARM.Build.0 = Release|ARM
		{050C6C1A-0558-4258-A32B-C914663F9898}.Release|ARM.Deploy.0 = Release|ARM
		{050C6C1A-0558-4258-A32B-C914663F9898}.Release|iPhone.ActiveCfg = Release|x86
		{050C6C1A-0558-4258-A32B-C914663F9898}.Release|iPhone.Build.0 = Release|x86
		{050C6C1A-0558-4258-A32B-C914663F9898}.Release|iPhone.Deploy.0 = Release|x86
		{050C6C1A-0558-4258-A32B-C914663F9898}.Release|iPhoneSimulator.ActiveCfg = Release|x86
		{050C6C1A-0558-4258-A32B-C914663F9898}.Release|iPhoneSimulator.Build.0 = Release|x86
		{050C6C1A-0558-4258-A32B-C914663F9898}.Release|iPhoneSimulator.Deploy.0 = Release|x86
		{050C6C1A-0558-4258-A32B-C914663F9898}.Release|x64.ActiveCfg = Release|x64
		{050C6C1A-0558-4258-A32B-C914663F9898}.Release|x64.Build.0 = Release|x64
		{050C6C1A-0558-4258-A32B-C914663F9898}.Release|x64.Deploy.0 = Release|x64
		{050C6C1A-0558-4258-A32B-C914663F9898}.Release|x86.ActiveCfg = Release|x86
		{050C6C1A-0558-4258-A32B-C914663F9898}.Release|x86.Build.0 = Release|x86
		{050C6C1A-0558-4258-A32B-C914663F9898}.Release|x86.Deploy.0 = Release|x86
		{94234CB4-3305-4434-A0E7-535CF23FE611}.Debug|Any CPU.ActiveCfg = Debug|Any CPU
		{94234CB4-3305-4434-A0E7-535CF23FE611}.Debug|Any CPU.Build.0 = Debug|Any CPU
		{94234CB4-3305-4434-A0E7-535CF23FE611}.Debug|Any CPU.Deploy.0 = Debug|Any CPU
		{94234CB4-3305-4434-A0E7-535CF23FE611}.Debug|ARM.ActiveCfg = Debug|Any CPU
		{94234CB4-3305-4434-A0E7-535CF23FE611}.Debug|ARM.Build.0 = Debug|Any CPU
		{94234CB4-3305-4434-A0E7-535CF23FE611}.Debug|ARM.Deploy.0 = Debug|Any CPU
		{94234CB4-3305-4434-A0E7-535CF23FE611}.Debug|iPhone.ActiveCfg = Debug|Any CPU
		{94234CB4-3305-4434-A0E7-535CF23FE611}.Debug|iPhone.Build.0 = Debug|Any CPU
		{94234CB4-3305-4434-A0E7-535CF23FE611}.Debug|iPhone.Deploy.0 = Debug|Any CPU
		{94234CB4-3305-4434-A0E7-535CF23FE611}.Debug|iPhoneSimulator.ActiveCfg = Debug|Any CPU
		{94234CB4-3305-4434-A0E7-535CF23FE611}.Debug|iPhoneSimulator.Build.0 = Debug|Any CPU
		{94234CB4-3305-4434-A0E7-535CF23FE611}.Debug|iPhoneSimulator.Deploy.0 = Debug|Any CPU
		{94234CB4-3305-4434-A0E7-535CF23FE611}.Debug|x64.ActiveCfg = Debug|Any CPU
		{94234CB4-3305-4434-A0E7-535CF23FE611}.Debug|x64.Build.0 = Debug|Any CPU
		{94234CB4-3305-4434-A0E7-535CF23FE611}.Debug|x64.Deploy.0 = Debug|Any CPU
		{94234CB4-3305-4434-A0E7-535CF23FE611}.Debug|x86.ActiveCfg = Debug|Any CPU
		{94234CB4-3305-4434-A0E7-535CF23FE611}.Debug|x86.Build.0 = Debug|Any CPU
		{94234CB4-3305-4434-A0E7-535CF23FE611}.Debug|x86.Deploy.0 = Debug|Any CPU
		{94234CB4-3305-4434-A0E7-535CF23FE611}.Release|Any CPU.ActiveCfg = Release|Any CPU
		{94234CB4-3305-4434-A0E7-535CF23FE611}.Release|Any CPU.Build.0 = Release|Any CPU
		{94234CB4-3305-4434-A0E7-535CF23FE611}.Release|Any CPU.Deploy.0 = Release|Any CPU
		{94234CB4-3305-4434-A0E7-535CF23FE611}.Release|ARM.ActiveCfg = Release|Any CPU
		{94234CB4-3305-4434-A0E7-535CF23FE611}.Release|ARM.Build.0 = Release|Any CPU
		{94234CB4-3305-4434-A0E7-535CF23FE611}.Release|ARM.Deploy.0 = Release|Any CPU
		{94234CB4-3305-4434-A0E7-535CF23FE611}.Release|iPhone.ActiveCfg = Release|Any CPU
		{94234CB4-3305-4434-A0E7-535CF23FE611}.Release|iPhone.Build.0 = Release|Any CPU
		{94234CB4-3305-4434-A0E7-535CF23FE611}.Release|iPhone.Deploy.0 = Release|Any CPU
		{94234CB4-3305-4434-A0E7-535CF23FE611}.Release|iPhoneSimulator.ActiveCfg = Release|Any CPU
		{94234CB4-3305-4434-A0E7-535CF23FE611}.Release|iPhoneSimulator.Build.0 = Release|Any CPU
		{94234CB4-3305-4434-A0E7-535CF23FE611}.Release|iPhoneSimulator.Deploy.0 = Release|Any CPU
		{94234CB4-3305-4434-A0E7-535CF23FE611}.Release|x64.ActiveCfg = Release|Any CPU
		{94234CB4-3305-4434-A0E7-535CF23FE611}.Release|x64.Build.0 = Release|Any CPU
		{94234CB4-3305-4434-A0E7-535CF23FE611}.Release|x64.Deploy.0 = Release|Any CPU
		{94234CB4-3305-4434-A0E7-535CF23FE611}.Release|x86.ActiveCfg = Release|Any CPU
		{94234CB4-3305-4434-A0E7-535CF23FE611}.Release|x86.Build.0 = Release|Any CPU
		{94234CB4-3305-4434-A0E7-535CF23FE611}.Release|x86.Deploy.0 = Release|Any CPU
		{B9C3845A-4746-4B73-B750-83969BFB2D46}.Debug|Any CPU.ActiveCfg = Debug|iPhone
		{B9C3845A-4746-4B73-B750-83969BFB2D46}.Debug|Any CPU.Build.0 = Debug|iPhone
		{B9C3845A-4746-4B73-B750-83969BFB2D46}.Debug|Any CPU.Deploy.0 = Debug|iPhone
		{B9C3845A-4746-4B73-B750-83969BFB2D46}.Debug|ARM.ActiveCfg = Debug|iPhoneSimulator
		{B9C3845A-4746-4B73-B750-83969BFB2D46}.Debug|ARM.Build.0 = Debug|iPhoneSimulator
		{B9C3845A-4746-4B73-B750-83969BFB2D46}.Debug|ARM.Deploy.0 = Debug|iPhoneSimulator
		{B9C3845A-4746-4B73-B750-83969BFB2D46}.Debug|iPhone.ActiveCfg = Debug|iPhone
		{B9C3845A-4746-4B73-B750-83969BFB2D46}.Debug|iPhone.Build.0 = Debug|iPhone
		{B9C3845A-4746-4B73-B750-83969BFB2D46}.Debug|iPhone.Deploy.0 = Debug|iPhone
		{B9C3845A-4746-4B73-B750-83969BFB2D46}.Debug|iPhoneSimulator.ActiveCfg = Debug|iPhoneSimulator
		{B9C3845A-4746-4B73-B750-83969BFB2D46}.Debug|iPhoneSimulator.Build.0 = Debug|iPhoneSimulator
		{B9C3845A-4746-4B73-B750-83969BFB2D46}.Debug|iPhoneSimulator.Deploy.0 = Debug|iPhoneSimulator
		{B9C3845A-4746-4B73-B750-83969BFB2D46}.Debug|x64.ActiveCfg = Debug|iPhone
		{B9C3845A-4746-4B73-B750-83969BFB2D46}.Debug|x64.Build.0 = Debug|iPhone
		{B9C3845A-4746-4B73-B750-83969BFB2D46}.Debug|x64.Deploy.0 = Debug|iPhone
		{B9C3845A-4746-4B73-B750-83969BFB2D46}.Debug|x86.ActiveCfg = Debug|iPhone
		{B9C3845A-4746-4B73-B750-83969BFB2D46}.Debug|x86.Build.0 = Debug|iPhone
		{B9C3845A-4746-4B73-B750-83969BFB2D46}.Debug|x86.Deploy.0 = Debug|iPhone
		{B9C3845A-4746-4B73-B750-83969BFB2D46}.Release|Any CPU.ActiveCfg = Release|iPhone
		{B9C3845A-4746-4B73-B750-83969BFB2D46}.Release|Any CPU.Build.0 = Release|iPhone
		{B9C3845A-4746-4B73-B750-83969BFB2D46}.Release|Any CPU.Deploy.0 = Release|iPhone
		{B9C3845A-4746-4B73-B750-83969BFB2D46}.Release|ARM.ActiveCfg = Release|iPhone
		{B9C3845A-4746-4B73-B750-83969BFB2D46}.Release|ARM.Build.0 = Release|iPhone
		{B9C3845A-4746-4B73-B750-83969BFB2D46}.Release|ARM.Deploy.0 = Release|iPhone
		{B9C3845A-4746-4B73-B750-83969BFB2D46}.Release|iPhone.ActiveCfg = Release|iPhone
		{B9C3845A-4746-4B73-B750-83969BFB2D46}.Release|iPhone.Build.0 = Release|iPhone
		{B9C3845A-4746-4B73-B750-83969BFB2D46}.Release|iPhone.Deploy.0 = Release|iPhone
		{B9C3845A-4746-4B73-B750-83969BFB2D46}.Release|iPhoneSimulator.ActiveCfg = Release|iPhoneSimulator
		{B9C3845A-4746-4B73-B750-83969BFB2D46}.Release|iPhoneSimulator.Build.0 = Release|iPhoneSimulator
		{B9C3845A-4746-4B73-B750-83969BFB2D46}.Release|iPhoneSimulator.Deploy.0 = Release|iPhoneSimulator
		{B9C3845A-4746-4B73-B750-83969BFB2D46}.Release|x64.ActiveCfg = Release|iPhone
		{B9C3845A-4746-4B73-B750-83969BFB2D46}.Release|x64.Build.0 = Release|iPhone
		{B9C3845A-4746-4B73-B750-83969BFB2D46}.Release|x64.Deploy.0 = Release|iPhone
		{B9C3845A-4746-4B73-B750-83969BFB2D46}.Release|x86.ActiveCfg = Release|iPhone
		{B9C3845A-4746-4B73-B750-83969BFB2D46}.Release|x86.Build.0 = Release|iPhone
		{B9C3845A-4746-4B73-B750-83969BFB2D46}.Release|x86.Deploy.0 = Release|iPhone
		{C23F4901-A33D-45EE-BA5F-9E2ABC080C07}.Debug|Any CPU.ActiveCfg = Debug|Any CPU
		{C23F4901-A33D-45EE-BA5F-9E2ABC080C07}.Debug|Any CPU.Build.0 = Debug|Any CPU
		{C23F4901-A33D-45EE-BA5F-9E2ABC080C07}.Debug|Any CPU.Deploy.0 = Debug|Any CPU
		{C23F4901-A33D-45EE-BA5F-9E2ABC080C07}.Debug|ARM.ActiveCfg = Debug|Any CPU
		{C23F4901-A33D-45EE-BA5F-9E2ABC080C07}.Debug|ARM.Build.0 = Debug|Any CPU
		{C23F4901-A33D-45EE-BA5F-9E2ABC080C07}.Debug|ARM.Deploy.0 = Debug|Any CPU
		{C23F4901-A33D-45EE-BA5F-9E2ABC080C07}.Debug|iPhone.ActiveCfg = Debug|Any CPU
		{C23F4901-A33D-45EE-BA5F-9E2ABC080C07}.Debug|iPhone.Build.0 = Debug|Any CPU
		{C23F4901-A33D-45EE-BA5F-9E2ABC080C07}.Debug|iPhone.Deploy.0 = Debug|Any CPU
		{C23F4901-A33D-45EE-BA5F-9E2ABC080C07}.Debug|iPhoneSimulator.ActiveCfg = Debug|Any CPU
		{C23F4901-A33D-45EE-BA5F-9E2ABC080C07}.Debug|iPhoneSimulator.Build.0 = Debug|Any CPU
		{C23F4901-A33D-45EE-BA5F-9E2ABC080C07}.Debug|iPhoneSimulator.Deploy.0 = Debug|Any CPU
		{C23F4901-A33D-45EE-BA5F-9E2ABC080C07}.Debug|x64.ActiveCfg = Debug|Any CPU
		{C23F4901-A33D-45EE-BA5F-9E2ABC080C07}.Debug|x64.Build.0 = Debug|Any CPU
		{C23F4901-A33D-45EE-BA5F-9E2ABC080C07}.Debug|x64.Deploy.0 = Debug|Any CPU
		{C23F4901-A33D-45EE-BA5F-9E2ABC080C07}.Debug|x86.ActiveCfg = Debug|Any CPU
		{C23F4901-A33D-45EE-BA5F-9E2ABC080C07}.Debug|x86.Build.0 = Debug|Any CPU
		{C23F4901-A33D-45EE-BA5F-9E2ABC080C07}.Debug|x86.Deploy.0 = Debug|Any CPU
		{C23F4901-A33D-45EE-BA5F-9E2ABC080C07}.Release|Any CPU.ActiveCfg = Release|Any CPU
		{C23F4901-A33D-45EE-BA5F-9E2ABC080C07}.Release|Any CPU.Build.0 = Release|Any CPU
		{C23F4901-A33D-45EE-BA5F-9E2ABC080C07}.Release|Any CPU.Deploy.0 = Release|Any CPU
		{C23F4901-A33D-45EE-BA5F-9E2ABC080C07}.Release|ARM.ActiveCfg = Release|Any CPU
		{C23F4901-A33D-45EE-BA5F-9E2ABC080C07}.Release|ARM.Build.0 = Release|Any CPU
		{C23F4901-A33D-45EE-BA5F-9E2ABC080C07}.Release|ARM.Deploy.0 = Release|Any CPU
		{C23F4901-A33D-45EE-BA5F-9E2ABC080C07}.Release|iPhone.ActiveCfg = Release|Any CPU
		{C23F4901-A33D-45EE-BA5F-9E2ABC080C07}.Release|iPhone.Build.0 = Release|Any CPU
		{C23F4901-A33D-45EE-BA5F-9E2ABC080C07}.Release|iPhone.Deploy.0 = Release|Any CPU
		{C23F4901-A33D-45EE-BA5F-9E2ABC080C07}.Release|iPhoneSimulator.ActiveCfg = Release|Any CPU
		{C23F4901-A33D-45EE-BA5F-9E2ABC080C07}.Release|iPhoneSimulator.Build.0 = Release|Any CPU
		{C23F4901-A33D-45EE-BA5F-9E2ABC080C07}.Release|iPhoneSimulator.Deploy.0 = Release|Any CPU
		{C23F4901-A33D-45EE-BA5F-9E2ABC080C07}.Release|x64.ActiveCfg = Release|Any CPU
		{C23F4901-A33D-45EE-BA5F-9E2ABC080C07}.Release|x64.Build.0 = Release|Any CPU
		{C23F4901-A33D-45EE-BA5F-9E2ABC080C07}.Release|x64.Deploy.0 = Release|Any CPU
		{C23F4901-A33D-45EE-BA5F-9E2ABC080C07}.Release|x86.ActiveCfg = Release|Any CPU
		{C23F4901-A33D-45EE-BA5F-9E2ABC080C07}.Release|x86.Build.0 = Release|Any CPU
		{C23F4901-A33D-45EE-BA5F-9E2ABC080C07}.Release|x86.Deploy.0 = Release|Any CPU
	EndGlobalSection
	GlobalSection(SolutionProperties) = preSolution
		HideSolutionNode = FALSE
	EndGlobalSection
	GlobalSection(ExtensibilityGlobals) = postSolution
		SolutionGuid = {E97AB3C5-38CC-4146-AD91-6456FFEBBEFF}
	EndGlobalSection
EndGlobal
